
Microsoft Visual Studio Solution File, Format Version 12.00
# Visual Studio Version 16
VisualStudioVersion = 16.0.30011.22
MinimumVisualStudioVersion = 10.0.40219.1
Project("{9A19103F-16F7-4668-BE54-9A1E7A4F7556}") = "Homework-1", "src\Homework-1\Homework-1.csproj", "{94D55DB3-7148-4B84-98F8-429593CCBDEA}"
EndProject
Project("{9A19103F-16F7-4668-BE54-9A1E7A4F7556}") = "ZooApp", "src\ZooApp\ZooApp.csproj", "{900E4C1C-E1E8-402B-8179-6619C9F8FDF0}"
EndProject
Project("{9A19103F-16F7-4668-BE54-9A1E7A4F7556}") = "ToDo Console App", "src\ToDo Console App\ToDo Console App.csproj", "{FCEDEA4F-C628-4A25-8412-730E8904B6C1}"
EndProject
Project("{FAE04EC0-301F-11D3-BF4B-00C04F79EFBC}") = "ATMApp", "src\ATMApp\ATMApp.csproj", "{7BBEF28C-4CE5-49A6-92FB-8776A3736785}"
EndProject
Global
	GlobalSection(SolutionConfigurationPlatforms) = preSolution
		Debug|Any CPU = Debug|Any CPU
		Release|Any CPU = Release|Any CPU
	EndGlobalSection
	GlobalSection(ProjectConfigurationPlatforms) = postSolution
		{94D55DB3-7148-4B84-98F8-429593CCBDEA}.Debug|Any CPU.ActiveCfg = Debug|Any CPU
		{94D55DB3-7148-4B84-98F8-429593CCBDEA}.Debug|Any CPU.Build.0 = Debug|Any CPU
		{94D55DB3-7148-4B84-98F8-429593CCBDEA}.Release|Any CPU.ActiveCfg = Release|Any CPU
		{94D55DB3-7148-4B84-98F8-429593CCBDEA}.Release|Any CPU.Build.0 = Release|Any CPU
		{900E4C1C-E1E8-402B-8179-6619C9F8FDF0}.Debug|Any CPU.ActiveCfg = Debug|Any CPU
		{900E4C1C-E1E8-402B-8179-6619C9F8FDF0}.Debug|Any CPU.Build.0 = Debug|Any CPU
		{900E4C1C-E1E8-402B-8179-6619C9F8FDF0}.Release|Any CPU.ActiveCfg = Release|Any CPU
		{900E4C1C-E1E8-402B-8179-6619C9F8FDF0}.Release|Any CPU.Build.0 = Release|Any CPU
		{FCEDEA4F-C628-4A25-8412-730E8904B6C1}.Debug|Any CPU.ActiveCfg = Debug|Any CPU
		{FCEDEA4F-C628-4A25-8412-730E8904B6C1}.Debug|Any CPU.Build.0 = Debug|Any CPU
		{FCEDEA4F-C628-4A25-8412-730E8904B6C1}.Release|Any CPU.ActiveCfg = Release|Any CPU
		{FCEDEA4F-C628-4A25-8412-730E8904B6C1}.Release|Any CPU.Build.0 = Release|Any CPU
		{7BBEF28C-4CE5-49A6-92FB-8776A3736785}.Debug|Any CPU.ActiveCfg = Debug|Any CPU
		{7BBEF28C-4CE5-49A6-92FB-8776A3736785}.Debug|Any CPU.Build.0 = Debug|Any CPU
		{7BBEF28C-4CE5-49A6-92FB-8776A3736785}.Release|Any CPU.ActiveCfg = Release|Any CPU
		{7BBEF28C-4CE5-49A6-92FB-8776A3736785}.Release|Any CPU.Build.0 = Release|Any CPU
	EndGlobalSection
	GlobalSection(SolutionProperties) = preSolution
		HideSolutionNode = FALSE
	EndGlobalSection
	GlobalSection(ExtensibilityGlobals) = postSolution
		SolutionGuid = {D20346A9-94AF-4C2B-9979-99D1C5A65C84}
	EndGlobalSection
EndGlobal
