
Microsoft Visual Studio Solution File, Format Version 12.00
# Visual Studio Version 16
VisualStudioVersion = 16.0.30011.22
MinimumVisualStudioVersion = 10.0.40219.1
Project("{FAE04EC0-301F-11D3-BF4B-00C04F79EFBC}") = "Homework-1", "Homework-1\Homework-1.csproj", "{7A8F44B4-7EAC-46BC-87D2-2CA90F64EA7E}"
EndProject
Global
	GlobalSection(SolutionConfigurationPlatforms) = preSolution
		Debug|Any CPU = Debug|Any CPU
		Release|Any CPU = Release|Any CPU
	EndGlobalSection
	GlobalSection(ProjectConfigurationPlatforms) = postSolution
		{7A8F44B4-7EAC-46BC-87D2-2CA90F64EA7E}.Debug|Any CPU.ActiveCfg = Debug|Any CPU
		{7A8F44B4-7EAC-46BC-87D2-2CA90F64EA7E}.Debug|Any CPU.Build.0 = Debug|Any CPU
		{7A8F44B4-7EAC-46BC-87D2-2CA90F64EA7E}.Release|Any CPU.ActiveCfg = Release|Any CPU
		{7A8F44B4-7EAC-46BC-87D2-2CA90F64EA7E}.Release|Any CPU.Build.0 = Release|Any CPU
	EndGlobalSection
	GlobalSection(SolutionProperties) = preSolution
		HideSolutionNode = FALSE
	EndGlobalSection
	GlobalSection(ExtensibilityGlobals) = postSolution
		SolutionGuid = {D20346A9-94AF-4C2B-9979-99D1C5A65C84}
	EndGlobalSection
EndGlobal
